github.com/ebitengine/oto/v3 v3.4.0 h1:br0PgASsEWaoWn38b2Goe7m1GKFYfNgnsjSd5Gg+/bQ=
github.com/ebitengine/oto/v3 v3.4.0/go.mod h1:IOleLVD0m+CMak3mRVwsYY8vTctQgOM0iiL6S7Ar7eI=
github.com/ebitengine/purego v0.10.1 h1:dewVBCBT2GaMu1SrNTYxQhgQBethzfhiwvZiLGP/qyY=
github.com/ebitengine/purego v0.10.1/go.mod h1:iIjxzd6CiRiOG0UyXP+V1+jWqUXVjPKLAI0mRfJZTmQ=
github.com/icza/bitio v1.1.0 h1:ysX4vtldjdi3Ygai5m1cWy4oLkhWTAi+SyO6HC8L9T0=
github.com/icza/bitio v1.1.0/go.mod h1:0jGnlLAx8MKMr9VGnn/4YrvZiprkvBelsVIbA9Jjr9A=
github.com/icza/mighty v0.0.0-20180919140131-cfd07d671de6 h1:8UsGZ2rr2ksmEru6lToqnXgA8Mz1DP11X4zSJ159C3k=
github.com/icza/mighty v0.0.0-20180919140131-cfd07d671de6/go.mod h1:xQig96I1VNBDIWGCdTt54nHt6EeI639SmHycLYL7FkA=
github.com/jfreymuth/oggvorbis v1.0.5 h1:u+Ck+R0eLSRhgq8WTmffYnrVtSztJcYrl588DM4e3kQ=
github.com/jfreymuth/oggvorbis v1.0.5/go.mod h1:1U4pqWmghcoVsCJJ4fRBKv9peUJMBHixthRlBeD6uII=
github.com/jfreymuth/vorbis v1.0.2 h1:m1xH6+ZI4thH927pgKD8JOH4eaGRm18rEE9/0WKjvNE=
github.com/jfreymuth/vorbis v1.0.2/go.mod h1:DoftRo4AznKnShRl1GxiTFCseHr4zR9BN3TWXyuzrqQ=
github.com/mewkiz/flac v1.0.13 h1:6wF8rRQKBFW159Daqx6Ro7K5ZnlVhHUKfS5aTsC4oXs=
github.com/mewkiz/flac v1.0.13/go.mod h1:HfPYDA+oxjyuqMu2V+cyKcxF51KM6incpw5eZXmfA6k=
github.com/mewkiz/pkg v0.0.0-20260703220044-4fb89b18cc87 h1:fpWNLIg7nX2f+D+6ZveQ5hfkTjq5WgMBtYbz5Nb1w0Y=
github.com/mewkiz/pkg v0.0.0-20260703220044-4fb89b18cc87/go.mod h1:wohiqwTwXA5twjDES74xIJLGjAxo3/0pHSbTXLbSDW8=
github.com/mewpkg/term v0.0.0-20241026122259-37a80af23985 h1:h8O1byDZ1uk6RUXMhj1QJU3VXFKXHDZxr4TXRPGeBa8=
github.com/mewpkg/term v0.0.0-20241026122259-37a80af23985/go.mod h1:uiPmbdUbdt1NkGApKl7htQjZ8S7XaGUAVulJUJ9v6q4=
golang.org/x/sys v0.46.0 h1:noSf2Fq6F8DBgS+LysIkx7rIExoNHJsxOAtPp4rthXw=
golang.org/x/sys v0.46.0/go.mod h1:4GL1E5IUh+htKOUEOaiffhrAeqysfVGipDYzABqnCmw=
